{
  "name": "word2vec_graph",
  "lockfileVersion": 2,
  "requires": true,
  "packages": {
    "": {
      "dependencies": {
        "for-each-line": "^1.0.0",
        "ngraph.graph": "0.0.14",
        "ngraph.offline.layout": "^1.1.1",
        "ngraph.tobinary": "^1.0.1"
      }
    },
    "node_modules/for-each-line": {
      "version": "1.0.0",
      "resolved": "https://registry.npmjs.org/for-each-line/-/for-each-line-1.0.0.tgz",
      "integrity": "sha1-6PjL9gdo4kIwH+AtC2g7higH5NM="
    },
    "node_modules/minimist": {
      "version": "1.2.6",
      "resolved": "https://registry.npmjs.org/minimist/-/minimist-1.2.6.tgz",
      "integrity": "sha512-Jsjnk4bw3YJqYzbdyBiNsPWHPfO++UGG749Cxs6peCu5Xg4nrena6OVxOYxrQTqww0Jmwt+Ref8rggumkTLz9Q=="
    },
    "node_modules/mkdirp": {
      "version": "0.5.6",
      "resolved": "https://registry.npmjs.org/mkdirp/-/mkdirp-0.5.6.tgz",
      "integrity": "sha512-FP+p8RB8OWpF3YZBCrP5gtADmtXApB5AMLn+vdyA+PyxCjrCs00mjyUozssO33cwDeT3wNGdLxJ5M//YqtHAJw==",
      "dependencies": {
        "minimist": "^1.2.6"
      },
      "bin": {
        "mkdirp": "bin/cmd.js"
      }
    },
    "node_modules/ngraph.events": {
      "version": "0.0.3",
      "resolved": "https://registry.npmjs.org/ngraph.events/-/ngraph.events-0.0.3.tgz",
      "integrity": "sha1-OPVTFvPSB61jH/lPZiLKjywOh9A="
    },
    "node_modules/ngraph.expose": {
      "version": "1.0.0",
      "resolved": "https://registry.npmjs.org/ngraph.expose/-/ngraph.expose-1.0.0.tgz",
      "integrity": "sha512-xQXBvaN8cuNucgHuOK1aOWb6q6Yn5QcTWzI1XR5+SBPYuJhIDeO3Z8pm7/WdM1dS+ys4mofA5D0MpTDIxP+d5A=="
    },
    "node_modules/ngraph.forcelayout": {
      "version": "1.2.0",
      "resolved": "https://registry.npmjs.org/ngraph.forcelayout/-/ngraph.forcelayout-1.2.0.tgz",
      "integrity": "sha512-HgRCJ6l6mki0Bxc101UuIc/ev7DtBj+vIw7xiRx5zt/O1soM//7Ea0QaeVA6M8OhBI7X7TkJgvXyFRuH8Pmm4A==",
      "dependencies": {
        "ngraph.events": "^1.0.0",
        "ngraph.expose": "^1.0.0",
        "ngraph.merge": "^1.0.0",
        "ngraph.quadtreebh": "^1.0.0",
        "ngraph.random": "^1.0.0"
      }
    },
    "node_modules/ngraph.forcelayout/node_modules/ngraph.events": {
      "version": "1.2.1",
      "resolved": "https://registry.npmjs.org/ngraph.events/-/ngraph.events-1.2.1.tgz",
      "integrity": "sha512-D4C+nXH/RFxioGXQdHu8ELDtC6EaCiNsZtih0IvyGN81OZSUby4jXoJ5+RNWasfsd0FnKxxpAROyUMzw64QNsw=="
    },
    "node_modules/ngraph.forcelayout3d": {
      "version": "1.2.0",
      "resolved": "https://registry.npmjs.org/ngraph.forcelayout3d/-/ngraph.forcelayout3d-1.2.0.tgz",
      "integrity": "sha512-3iUIdPvVnA/x5uLSxVLqiv8uzqSQ+DF2HrkNmn0vy4ye/sazmHzk8W3Fs3npZNGyYsVyhcm3Aeq6RwHzuL8NMA==",
      "dependencies": {
        "ngraph.expose": "^1.0.0",
        "ngraph.forcelayout": "^1.2.0",
        "ngraph.merge": "^1.0.0",
        "ngraph.quadtreebh3d": "^1.0.0",
        "ngraph.random": "^1.0.0"
      }
    },
    "node_modules/ngraph.graph": {
      "version": "0.0.14",
      "resolved": "https://registry.npmjs.org/ngraph.graph/-/ngraph.graph-0.0.14.tgz",
      "integrity": "sha1-1HrJSWfJIKr3aVLYpOczRuHfLbc=",
      "dependencies": {
        "ngraph.events": "0.0.3"
      }
    },
    "node_modules/ngraph.merge": {
      "version": "1.0.0",
      "resolved": "https://registry.npmjs.org/ngraph.merge/-/ngraph.merge-1.0.0.tgz",
      "integrity": "sha512-5J8YjGITUJeapsomtTALYsw7rFveYkM+lBj3QiYZ79EymQcuri65Nw3knQtFxQBU1r5iOaVRXrSwMENUPK62Vg=="
    },
    "node_modules/ngraph.offline.layout": {
      "version": "1.3.0",
      "resolved": "https://registry.npmjs.org/ngraph.offline.layout/-/ngraph.offline.layout-1.3.0.tgz",
      "integrity": "sha512-Kw3RO+Qh7ZF7yw7I7dLnCceSb7qRBNH55xwwC6EWmDeGVERgDPyh/NLJ15+AsaLYDv+FxyawdmKxzHbGWR/jZw==",
      "dependencies": {
        "mkdirp": "^0.5.1",
        "ngraph.forcelayout3d": "^1.2.0"
      }
    },
    "node_modules/ngraph.quadtreebh": {
      "version": "1.0.0",
      "resolved": "https://registry.npmjs.org/ngraph.quadtreebh/-/ngraph.quadtreebh-1.0.0.tgz",
      "integrity": "sha512-cXc1JOIBu0flCPiIRintjs0G6LDhNmuVjDffq8PQQMP/i1324oQXdhbvlxjBepXjgfB/VIdVvwgfHjSs31A3Ig==",
      "dependencies": {
        "ngraph.random": "^1.0.0"
      }
    },
    "node_modules/ngraph.quadtreebh3d": {
      "version": "1.0.0",
      "resolved": "https://registry.npmjs.org/ngraph.quadtreebh3d/-/ngraph.quadtreebh3d-1.0.0.tgz",
      "integrity": "sha512-wwhtehVz4tV87DeKH73TIw94LgKXCdprG2BXGN6GvHoS26T6ATJLhUPjEO7wnnrlb5N9d9X8xrYcyCYrcykQDA==",
      "dependencies": {
        "ngraph.random": "^1.0.0"
      }
    },
    "node_modules/ngraph.random": {
      "version": "1.1.0",
      "resolved": "https://registry.npmjs.org/ngraph.random/-/ngraph.random-1.1.0.tgz",
      "integrity": "sha512-h25UdUN/g8U7y29TzQtRm/GvGr70lK37yQPvPKXXuVfs7gCm82WipYFZcksQfeKumtOemAzBIcT7lzzyK/edLw=="
    },
    "node_modules/ngraph.tobinary": {
      "version": "1.0.2",
      "resolved": "https://registry.npmjs.org/ngraph.tobinary/-/ngraph.tobinary-1.0.2.tgz",
      "integrity": "sha512-UAUpW7vaox880jC413cvrvCUDGjvO8v5iIm5yLIMnfRO8cJELJM1HxPWbWox1Z+g4H57p2xh0GYz2g8vuuoiEw==",
      "dependencies": {
        "mkdirp": "^0.5.0",
        "ngraph.merge": "0.0.1"
      }
    },
    "node_modules/ngraph.tobinary/node_modules/ngraph.merge": {
      "version": "0.0.1",
      "resolved": "https://registry.npmjs.org/ngraph.merge/-/ngraph.merge-0.0.1.tgz",
      "integrity": "sha1-5OgM43WBo8lrF9VF46Q8hUNLkCU="
    }
  },
  "dependencies": {
    "for-each-line": {
      "version": "1.0.0",
      "resolved": "https://registry.npmjs.org/for-each-line/-/for-each-line-1.0.0.tgz",
      "integrity": "sha1-6PjL9gdo4kIwH+AtC2g7higH5NM="
    },
    "minimist": {
      "version": "1.2.6",
      "resolved": "https://registry.npmjs.org/minimist/-/minimist-1.2.6.tgz",
      "integrity": "sha512-Jsjnk4bw3YJqYzbdyBiNsPWHPfO++UGG749Cxs6peCu5Xg4nrena6OVxOYxrQTqww0Jmwt+Ref8rggumkTLz9Q=="
    },
    "mkdirp": {
      "version": "0.5.6",
      "resolved": "https://registry.npmjs.org/mkdirp/-/mkdirp-0.5.6.tgz",
      "integrity": "sha512-FP+p8RB8OWpF3YZBCrP5gtADmtXApB5AMLn+vdyA+PyxCjrCs00mjyUozssO33cwDeT3wNGdLxJ5M//YqtHAJw==",
      "requires": {
        "minimist": "^1.2.6"
      }
    },
    "ngraph.events": {
      "version": "0.0.3",
      "resolved": "https://registry.npmjs.org/ngraph.events/-/ngraph.events-0.0.3.tgz",
      "integrity": "sha1-OPVTFvPSB61jH/lPZiLKjywOh9A="
    },
    "ngraph.expose": {
      "version": "1.0.0",
      "resolved": "https://registry.npmjs.org/ngraph.expose/-/ngraph.expose-1.0.0.tgz",
      "integrity": "sha512-xQXBvaN8cuNucgHuOK1aOWb6q6Yn5QcTWzI1XR5+SBPYuJhIDeO3Z8pm7/WdM1dS+ys4mofA5D0MpTDIxP+d5A=="
    },
    "ngraph.forcelayout": {
      "version": "1.2.0",
      "resolved": "https://registry.npmjs.org/ngraph.forcelayout/-/ngraph.forcelayout-1.2.0.tgz",
      "integrity": "sha512-HgRCJ6l6mki0Bxc101UuIc/ev7DtBj+vIw7xiRx5zt/O1soM//7Ea0QaeVA6M8OhBI7X7TkJgvXyFRuH8Pmm4A==",
      "requires": {
        "ngraph.events": "^1.0.0",
        "ngraph.expose": "^1.0.0",
        "ngraph.merge": "^1.0.0",
        "ngraph.quadtreebh": "^1.0.0",
        "ngraph.random": "^1.0.0"
      },
      "dependencies": {
        "ngraph.events": {
          "version": "1.2.1",
          "resolved": "https://registry.npmjs.org/ngraph.events/-/ngraph.events-1.2.1.tgz",
          "integrity": "sha512-D4C+nXH/RFxioGXQdHu8ELDtC6EaCiNsZtih0IvyGN81OZSUby4jXoJ5+RNWasfsd0FnKxxpAROyUMzw64QNsw=="
        }
      }
    },
    "ngraph.forcelayout3d": {
      "version": "1.2.0",
      "resolved": "https://registry.npmjs.org/ngraph.forcelayout3d/-/ngraph.forcelayout3d-1.2.0.tgz",
      "integrity": "sha512-3iUIdPvVnA/x5uLSxVLqiv8uzqSQ+DF2HrkNmn0vy4ye/sazmHzk8W3Fs3npZNGyYsVyhcm3Aeq6RwHzuL8NMA==",
      "requires": {
        "ngraph.expose": "^1.0.0",
        "ngraph.forcelayout": "^1.2.0",
        "ngraph.merge": "^1.0.0",
        "ngraph.quadtreebh3d": "^1.0.0",
        "ngraph.random": "^1.0.0"
      }
    },
    "ngraph.graph": {
      "version": "0.0.14",
      "resolved": "https://registry.npmjs.org/ngraph.graph/-/ngraph.graph-0.0.14.tgz",
      "integrity": "sha1-1HrJSWfJIKr3aVLYpOczRuHfLbc=",
      "requires": {
        "ngraph.events": "0.0.3"
      }
    },
    "ngraph.merge": {
      "version": "1.0.0",
      "resolved": "https://registry.npmjs.org/ngraph.merge/-/ngraph.merge-1.0.0.tgz",
      "integrity": "sha512-5J8YjGITUJeapsomtTALYsw7rFveYkM+lBj3QiYZ79EymQcuri65Nw3knQtFxQBU1r5iOaVRXrSwMENUPK62Vg=="
    },
    "ngraph.offline.layout": {
      "version": "1.3.0",
      "resolved": "https://registry.npmjs.org/ngraph.offline.layout/-/ngraph.offline.layout-1.3.0.tgz",
      "integrity": "sha512-Kw3RO+Qh7ZF7yw7I7dLnCceSb7qRBNH55xwwC6EWmDeGVERgDPyh/NLJ15+AsaLYDv+FxyawdmKxzHbGWR/jZw==",
      "requires": {
        "mkdirp": "^0.5.1",
        "ngraph.forcelayout3d": "^1.2.0"
      }
    },
    "ngraph.quadtreebh": {
      "version": "1.0.0",
      "resolved": "https://registry.npmjs.org/ngraph.quadtreebh/-/ngraph.quadtreebh-1.0.0.tgz",
      "integrity": "sha512-cXc1JOIBu0flCPiIRintjs0G6LDhNmuVjDffq8PQQMP/i1324oQXdhbvlxjBepXjgfB/VIdVvwgfHjSs31A3Ig==",
      "requires": {
        "ngraph.random": "^1.0.0"
      }
    },
    "ngraph.quadtreebh3d": {
      "version": "1.0.0",
      "resolved": "https://registry.npmjs.org/ngraph.quadtreebh3d/-/ngraph.quadtreebh3d-1.0.0.tgz",
      "integrity": "sha512-wwhtehVz4tV87DeKH73TIw94LgKXCdprG2BXGN6GvHoS26T6ATJLhUPjEO7wnnrlb5N9d9X8xrYcyCYrcykQDA==",
      "requires": {
        "ngraph.random": "^1.0.0"
      }
    },
    "ngraph.random": {
      "version": "1.1.0",
      "resolved": "https://registry.npmjs.org/ngraph.random/-/ngraph.random-1.1.0.tgz",
      "integrity": "sha512-h25UdUN/g8U7y29TzQtRm/GvGr70lK37yQPvPKXXuVfs7gCm82WipYFZcksQfeKumtOemAzBIcT7lzzyK/edLw=="
    },
    "ngraph.tobinary": {
      "version": "1.0.2",
      "resolved": "https://registry.npmjs.org/ngraph.tobinary/-/ngraph.tobinary-1.0.2.tgz",
      "integrity": "sha512-UAUpW7vaox880jC413cvrvCUDGjvO8v5iIm5yLIMnfRO8cJELJM1HxPWbWox1Z+g4H57p2xh0GYz2g8vuuoiEw==",
      "requires": {
        "mkdirp": "^0.5.0",
        "ngraph.merge": "0.0.1"
      },
      "dependencies": {
        "ngraph.merge": {
          "version": "0.0.1",
          "resolved": "https://registry.npmjs.org/ngraph.merge/-/ngraph.merge-0.0.1.tgz",
          "integrity": "sha1-5OgM43WBo8lrF9VF46Q8hUNLkCU="
        }
      }
    }
  }
}
